
Microsoft Visual Studio Solution File, Format Version 12.00
# Visual Studio Version 17
VisualStudioVersion = 17.7.34031.279
MinimumVisualStudioVersion = 10.0.40219.1
Project("{FAE04EC0-301F-11D3-BF4B-00C04F79EFBC}") = "RenderHierarchyLib", "RenderHierarchyLib\RenderHierarchyLib.csproj", "{695598DB-0B39-426F-B0EA-F374C902DBCE}"
EndProject
Global
	GlobalSection(SolutionConfigurationPlatforms) = preSolution
		Debug|Any CPU = Debug|Any CPU
		Release|Any CPU = Release|Any CPU
	EndGlobalSection
	GlobalSection(ProjectConfigurationPlatforms) = postSolution
		{695598DB-0B39-426F-B0EA-F374C902DBCE}.Debug|Any CPU.ActiveCfg = Debug|Any CPU
		{695598DB-0B39-426F-B0EA-F374C902DBCE}.Debug|Any CPU.Build.0 = Debug|Any CPU
		{695598DB-0B39-426F-B0EA-F374C902DBCE}.Release|Any CPU.ActiveCfg = Release|Any CPU
		{695598DB-0B39-426F-B0EA-F374C902DBCE}.Release|Any CPU.Build.0 = Release|Any CPU
	EndGlobalSection
	GlobalSection(SolutionProperties) = preSolution
		HideSolutionNode = FALSE
	EndGlobalSection
	GlobalSection(ExtensibilityGlobals) = postSolution
		SolutionGuid = {31AAD947-9FF4-443C-8C61-5C04C88256A6}
	EndGlobalSection
EndGlobal
