
Microsoft Visual Studio Solution File, Format Version 12.00
# Visual Studio Version 17
VisualStudioVersion = 17.7.34031.279
MinimumVisualStudioVersion = 10.0.40219.1
Project("{FAE04EC0-301F-11D3-BF4B-00C04F79EFBC}") = "UILib", "UILib\UILib.csproj", "{DC79D30B-AEA9-42DF-A453-4C7FC607C768}"
EndProject
Global
	GlobalSection(SolutionConfigurationPlatforms) = preSolution
		Debug|Any CPU = Debug|Any CPU
		Release|Any CPU = Release|Any CPU
	EndGlobalSection
	GlobalSection(ProjectConfigurationPlatforms) = postSolution
		{DC79D30B-AEA9-42DF-A453-4C7FC607C768}.Debug|Any CPU.ActiveCfg = Debug|Any CPU
		{DC79D30B-AEA9-42DF-A453-4C7FC607C768}.Debug|Any CPU.Build.0 = Debug|Any CPU
		{DC79D30B-AEA9-42DF-A453-4C7FC607C768}.Release|Any CPU.ActiveCfg = Release|Any CPU
		{DC79D30B-AEA9-42DF-A453-4C7FC607C768}.Release|Any CPU.Build.0 = Release|Any CPU
	EndGlobalSection
	GlobalSection(SolutionProperties) = preSolution
		HideSolutionNode = FALSE
	EndGlobalSection
	GlobalSection(ExtensibilityGlobals) = postSolution
		SolutionGuid = {51492500-1DDC-43BF-A8E5-675C43C0E162}
	EndGlobalSection
EndGlobal
